{
  "pins" : [
    {
      "identity" : "alamofire",
      "kind" : "remoteSourceControl",
      "location" : "https://github.com/Alamofire/Alamofire.git",
      "state" : {
        "revision" : "513364f870f6bfc468f9d2ff0a95caccc10044c5",
        "version" : "5.10.2"
      }
    },
    {
      "identity" : "opencombine",
      "kind" : "remoteSourceControl",
      "location" : "https://github.com/OpenCombine/OpenCombine.git",
      "state" : {
        "revision" : "8576f0d579b27020beccbccc3ea6844f3ddfc2c2",
        "version" : "0.14.0"
      }
    }
  ],
  "version" : 2
}
